
Microsoft Visual Studio Solution File, Format Version 12.00
Project("{FAE04EC0-301F-11D3-BF4B-00C04F79EFBC}") = "ApiRoutes.Benchmarks", "ApiRoutes.Benchmarks\ApiRoutes.Benchmarks.csproj", "{CA3A3DB8-970F-4DB8-8186-D41CCD8431D4}"
EndProject
Project("{2150E333-8FDC-42A3-9474-1A3956D46DE8}") = "files", "files", "{3AF3F50B-15DC-4F64-82CB-D3E0A35C7F54}"
	ProjectSection(SolutionItems) = preProject
		GitVersion.yml = GitVersion.yml
		README.md = README.md
		build.proj = build.proj
	EndProjectSection
EndProject
Project("{2150E333-8FDC-42A3-9474-1A3956D46DE8}") = "src", "src", "{30DCA4A0-C044-47C1-9AFC-B0CB66C3C742}"
EndProject
Project("{FAE04EC0-301F-11D3-BF4B-00C04F79EFBC}") = "ApiRoutes", "src\ApiRoutes\ApiRoutes.csproj", "{982C7B02-9121-4ECC-80B4-E98F9F844985}"
EndProject
Project("{FAE04EC0-301F-11D3-BF4B-00C04F79EFBC}") = "ApiRoutes.Generator", "src\ApiRoutes.Generator\ApiRoutes.Generator.csproj", "{61BEF6BD-8E33-4AEC-9DF0-66A117F332B3}"
EndProject
Project("{FAE04EC0-301F-11D3-BF4B-00C04F79EFBC}") = "ApiRoutes.Utilities", "src\ApiRoutes.Utilities\ApiRoutes.Utilities.csproj", "{415D4108-8FB1-432F-AF77-F211EF7F9F1E}"
EndProject
Project("{FAE04EC0-301F-11D3-BF4B-00C04F79EFBC}") = "ApiRoutes.Swagger", "src\ApiRoutes.Swagger\ApiRoutes.Swagger.csproj", "{28717CF9-3EA0-4F88-A0BD-EF44048CCC8F}"
EndProject
Project("{FAE04EC0-301F-11D3-BF4B-00C04F79EFBC}") = "ApiRoutes.EFCore", "src\ApiRoutes.EFCore\ApiRoutes.EFCore.csproj", "{BF819E64-7514-4953-A55E-BD38666F6A1D}"
EndProject
Project("{2150E333-8FDC-42A3-9474-1A3956D46DE8}") = "examples", "examples", "{B1C71ECF-9BDE-4D2A-BC18-BE20C1CACE7E}"
EndProject
Project("{FAE04EC0-301F-11D3-BF4B-00C04F79EFBC}") = "Swagger", "examples\Swagger\Swagger.csproj", "{638D4E6A-1B4E-4922-A9BD-FC0E0B7B5043}"
EndProject
Project("{FAE04EC0-301F-11D3-BF4B-00C04F79EFBC}") = "SimpleNet70", "examples\SimpleNet70\SimpleNet70.csproj", "{8F8AE60A-99D5-467F-8CBF-CD576C9D4CC0}"
EndProject
Project("{FAE04EC0-301F-11D3-BF4B-00C04F79EFBC}") = "SimpleNet70WithValidation", "examples\SimpleNet70WithValidation\SimpleNet70WithValidation.csproj", "{C3E1C46E-8F11-4A4D-BB1B-428DED4FB349}"
EndProject
Project("{2150E333-8FDC-42A3-9474-1A3956D46DE8}") = "tests", "tests", "{B157AE95-1AF8-49F9-AFB7-D8D90AE49A7D}"
EndProject
Project("{FAE04EC0-301F-11D3-BF4B-00C04F79EFBC}") = "ApiRoutes.Tests", "tests\ApiRoutes.Tests\ApiRoutes.Tests.csproj", "{113382ED-4729-4751-90DC-24EC8A468975}"
EndProject
Project("{FAE04EC0-301F-11D3-BF4B-00C04F79EFBC}") = "ApiRoutes.Tests.Project", "tests\ApiRoutes.Tests.Project\ApiRoutes.Tests.Project.csproj", "{E2697268-7E7F-4E53-9FDE-5B81D200B1A9}"
EndProject
Project("{FAE04EC0-301F-11D3-BF4B-00C04F79EFBC}") = "SimpleNet70Form", "examples\SimpleNet70Form\SimpleNet70Form.csproj", "{2D0584B4-A810-4137-AAF4-6E4D63D36158}"
EndProject
Global
	GlobalSection(SolutionConfigurationPlatforms) = preSolution
		Debug|Any CPU = Debug|Any CPU
		Release|Any CPU = Release|Any CPU
	EndGlobalSection
	GlobalSection(ProjectConfigurationPlatforms) = postSolution
		{CA3A3DB8-970F-4DB8-8186-D41CCD8431D4}.Debug|Any CPU.ActiveCfg = Debug|Any CPU
		{CA3A3DB8-970F-4DB8-8186-D41CCD8431D4}.Debug|Any CPU.Build.0 = Debug|Any CPU
		{CA3A3DB8-970F-4DB8-8186-D41CCD8431D4}.Release|Any CPU.ActiveCfg = Release|Any CPU
		{CA3A3DB8-970F-4DB8-8186-D41CCD8431D4}.Release|Any CPU.Build.0 = Release|Any CPU
		{982C7B02-9121-4ECC-80B4-E98F9F844985}.Debug|Any CPU.ActiveCfg = Debug|Any CPU
		{982C7B02-9121-4ECC-80B4-E98F9F844985}.Debug|Any CPU.Build.0 = Debug|Any CPU
		{982C7B02-9121-4ECC-80B4-E98F9F844985}.Release|Any CPU.ActiveCfg = Release|Any CPU
		{982C7B02-9121-4ECC-80B4-E98F9F844985}.Release|Any CPU.Build.0 = Release|Any CPU
		{61BEF6BD-8E33-4AEC-9DF0-66A117F332B3}.Debug|Any CPU.ActiveCfg = Debug|Any CPU
		{61BEF6BD-8E33-4AEC-9DF0-66A117F332B3}.Debug|Any CPU.Build.0 = Debug|Any CPU
		{61BEF6BD-8E33-4AEC-9DF0-66A117F332B3}.Release|Any CPU.ActiveCfg = Release|Any CPU
		{61BEF6BD-8E33-4AEC-9DF0-66A117F332B3}.Release|Any CPU.Build.0 = Release|Any CPU
		{415D4108-8FB1-432F-AF77-F211EF7F9F1E}.Debug|Any CPU.ActiveCfg = Debug|Any CPU
		{415D4108-8FB1-432F-AF77-F211EF7F9F1E}.Debug|Any CPU.Build.0 = Debug|Any CPU
		{415D4108-8FB1-432F-AF77-F211EF7F9F1E}.Release|Any CPU.ActiveCfg = Release|Any CPU
		{415D4108-8FB1-432F-AF77-F211EF7F9F1E}.Release|Any CPU.Build.0 = Release|Any CPU
		{28717CF9-3EA0-4F88-A0BD-EF44048CCC8F}.Debug|Any CPU.ActiveCfg = Debug|Any CPU
		{28717CF9-3EA0-4F88-A0BD-EF44048CCC8F}.Debug|Any CPU.Build.0 = Debug|Any CPU
		{28717CF9-3EA0-4F88-A0BD-EF44048CCC8F}.Release|Any CPU.ActiveCfg = Release|Any CPU
		{28717CF9-3EA0-4F88-A0BD-EF44048CCC8F}.Release|Any CPU.Build.0 = Release|Any CPU
		{BF819E64-7514-4953-A55E-BD38666F6A1D}.Debug|Any CPU.ActiveCfg = Debug|Any CPU
		{BF819E64-7514-4953-A55E-BD38666F6A1D}.Debug|Any CPU.Build.0 = Debug|Any CPU
		{BF819E64-7514-4953-A55E-BD38666F6A1D}.Release|Any CPU.ActiveCfg = Release|Any CPU
		{BF819E64-7514-4953-A55E-BD38666F6A1D}.Release|Any CPU.Build.0 = Release|Any CPU
		{638D4E6A-1B4E-4922-A9BD-FC0E0B7B5043}.Debug|Any CPU.ActiveCfg = Debug|Any CPU
		{638D4E6A-1B4E-4922-A9BD-FC0E0B7B5043}.Debug|Any CPU.Build.0 = Debug|Any CPU
		{638D4E6A-1B4E-4922-A9BD-FC0E0B7B5043}.Release|Any CPU.ActiveCfg = Release|Any CPU
		{638D4E6A-1B4E-4922-A9BD-FC0E0B7B5043}.Release|Any CPU.Build.0 = Release|Any CPU
		{8F8AE60A-99D5-467F-8CBF-CD576C9D4CC0}.Debug|Any CPU.ActiveCfg = Debug|Any CPU
		{8F8AE60A-99D5-467F-8CBF-CD576C9D4CC0}.Debug|Any CPU.Build.0 = Debug|Any CPU
		{8F8AE60A-99D5-467F-8CBF-CD576C9D4CC0}.Release|Any CPU.ActiveCfg = Release|Any CPU
		{8F8AE60A-99D5-467F-8CBF-CD576C9D4CC0}.Release|Any CPU.Build.0 = Release|Any CPU
		{C3E1C46E-8F11-4A4D-BB1B-428DED4FB349}.Debug|Any CPU.ActiveCfg = Debug|Any CPU
		{C3E1C46E-8F11-4A4D-BB1B-428DED4FB349}.Debug|Any CPU.Build.0 = Debug|Any CPU
		{C3E1C46E-8F11-4A4D-BB1B-428DED4FB349}.Release|Any CPU.ActiveCfg = Release|Any CPU
		{C3E1C46E-8F11-4A4D-BB1B-428DED4FB349}.Release|Any CPU.Build.0 = Release|Any CPU
		{113382ED-4729-4751-90DC-24EC8A468975}.Debug|Any CPU.ActiveCfg = Debug|Any CPU
		{113382ED-4729-4751-90DC-24EC8A468975}.Debug|Any CPU.Build.0 = Debug|Any CPU
		{113382ED-4729-4751-90DC-24EC8A468975}.Release|Any CPU.ActiveCfg = Release|Any CPU
		{113382ED-4729-4751-90DC-24EC8A468975}.Release|Any CPU.Build.0 = Release|Any CPU
		{E2697268-7E7F-4E53-9FDE-5B81D200B1A9}.Debug|Any CPU.ActiveCfg = Debug|Any CPU
		{E2697268-7E7F-4E53-9FDE-5B81D200B1A9}.Debug|Any CPU.Build.0 = Debug|Any CPU
		{E2697268-7E7F-4E53-9FDE-5B81D200B1A9}.Release|Any CPU.ActiveCfg = Release|Any CPU
		{E2697268-7E7F-4E53-9FDE-5B81D200B1A9}.Release|Any CPU.Build.0 = Release|Any CPU
		{2D0584B4-A810-4137-AAF4-6E4D63D36158}.Debug|Any CPU.ActiveCfg = Debug|Any CPU
		{2D0584B4-A810-4137-AAF4-6E4D63D36158}.Debug|Any CPU.Build.0 = Debug|Any CPU
		{2D0584B4-A810-4137-AAF4-6E4D63D36158}.Release|Any CPU.ActiveCfg = Release|Any CPU
		{2D0584B4-A810-4137-AAF4-6E4D63D36158}.Release|Any CPU.Build.0 = Release|Any CPU
	EndGlobalSection
	GlobalSection(NestedProjects) = preSolution
		{982C7B02-9121-4ECC-80B4-E98F9F844985} = {30DCA4A0-C044-47C1-9AFC-B0CB66C3C742}
		{61BEF6BD-8E33-4AEC-9DF0-66A117F332B3} = {30DCA4A0-C044-47C1-9AFC-B0CB66C3C742}
		{415D4108-8FB1-432F-AF77-F211EF7F9F1E} = {30DCA4A0-C044-47C1-9AFC-B0CB66C3C742}
		{28717CF9-3EA0-4F88-A0BD-EF44048CCC8F} = {30DCA4A0-C044-47C1-9AFC-B0CB66C3C742}
		{BF819E64-7514-4953-A55E-BD38666F6A1D} = {30DCA4A0-C044-47C1-9AFC-B0CB66C3C742}
		{638D4E6A-1B4E-4922-A9BD-FC0E0B7B5043} = {B1C71ECF-9BDE-4D2A-BC18-BE20C1CACE7E}
		{8F8AE60A-99D5-467F-8CBF-CD576C9D4CC0} = {B1C71ECF-9BDE-4D2A-BC18-BE20C1CACE7E}
		{C3E1C46E-8F11-4A4D-BB1B-428DED4FB349} = {B1C71ECF-9BDE-4D2A-BC18-BE20C1CACE7E}
		{113382ED-4729-4751-90DC-24EC8A468975} = {B157AE95-1AF8-49F9-AFB7-D8D90AE49A7D}
		{E2697268-7E7F-4E53-9FDE-5B81D200B1A9} = {B157AE95-1AF8-49F9-AFB7-D8D90AE49A7D}
		{2D0584B4-A810-4137-AAF4-6E4D63D36158} = {B1C71ECF-9BDE-4D2A-BC18-BE20C1CACE7E}
	EndGlobalSection
EndGlobal
